
Microsoft Visual Studio Solution File, Format Version 12.00
# Visual Studio Version 16
VisualStudioVersion = 16.0.30717.126
MinimumVisualStudioVersion = 10.0.40219.1
Project("{FAE04EC0-301F-11D3-BF4B-00C04F79EFBC}") = "Kreditberechnung", "Kreditberechnung.csproj", "{9A9FB511-EF23-410F-8C6E-3A28D130A564}"
EndProject
Global
	GlobalSection(SolutionConfigurationPlatforms) = preSolution
		Debug|Any CPU = Debug|Any CPU
		Release|Any CPU = Release|Any CPU
	EndGlobalSection
	GlobalSection(ProjectConfigurationPlatforms) = postSolution
		{9A9FB511-EF23-410F-8C6E-3A28D130A564}.Debug|Any CPU.ActiveCfg = Debug|Any CPU
		{9A9FB511-EF23-410F-8C6E-3A28D130A564}.Debug|Any CPU.Build.0 = Debug|Any CPU
		{9A9FB511-EF23-410F-8C6E-3A28D130A564}.Release|Any CPU.ActiveCfg = Release|Any CPU
		{9A9FB511-EF23-410F-8C6E-3A28D130A564}.Release|Any CPU.Build.0 = Release|Any CPU
	EndGlobalSection
	GlobalSection(SolutionProperties) = preSolution
		HideSolutionNode = FALSE
	EndGlobalSection
	GlobalSection(ExtensibilityGlobals) = postSolution
		SolutionGuid = {8B72B7F8-1EFB-4C7C-941C-D0BD83070B5A}
	EndGlobalSection
EndGlobal
